// !$*UTF8*$!
{
	archiveVersion = 1;
	classes = {
	};
	objectVersion = 46;
	objects = {

/* Begin PBXBuildFile section */
		174D1E111B660CA9007BB81C /* FriendProfileViewController.m in Sources */ = {isa = PBXBuildFile; fileRef = 174D1E0F1B660CA9007BB81C /* FriendProfileViewController.m */; };
		174D1E121B660CA9007BB81C /* FriendProfileViewController.xib in Resources */ = {isa = PBXBuildFile; fileRef = 174D1E101B660CA9007BB81C /* FriendProfileViewController.xib */; };
		174D1E571B6629D2007BB81C /* SearchViewController.m in Sources */ = {isa = PBXBuildFile; fileRef = 174D1E551B6629D2007BB81C /* SearchViewController.m */; };
		174D1E581B6629D2007BB81C /* SearchViewController.xib in Resources */ = {isa = PBXBuildFile; fileRef = 174D1E561B6629D2007BB81C /* SearchViewController.xib */; };
		174D1E5C1B666C2E007BB81C /* ProfileEditViewController.m in Sources */ = {isa = PBXBuildFile; fileRef = 174D1E5A1B666C2E007BB81C /* ProfileEditViewController.m */; };
		174D1E5D1B666C2E007BB81C /* ProfileEditViewController.xib in Resources */ = {isa = PBXBuildFile; fileRef = 174D1E5B1B666C2E007BB81C /* ProfileEditViewController.xib */; };
		174D1E611B675BF1007BB81C /* AccountEditViewController.m in Sources */ = {isa = PBXBuildFile; fileRef = 174D1E5F1B675BF1007BB81C /* AccountEditViewController.m */; };
		174D1E621B675BF1007BB81C /* AccountEditViewController.xib in Resources */ = {isa = PBXBuildFile; fileRef = 174D1E601B675BF1007BB81C /* AccountEditViewController.xib */; };
		175EC6621B5A9F5600752BE6 /* FriendBookShelfController.m in Sources */ = {isa = PBXBuildFile; fileRef = 175EC6611B5A9F5600752BE6 /* FriendBookShelfController.m */; };
		175EC6751B636A2B00752BE6 /* QuartzCore.framework in Frameworks */ = {isa = PBXBuildFile; fileRef = 175EC6741B636A2B00752BE6 /* QuartzCore.framework */; };
		17B7B99A1B52CA74009A8752 /* main.m in Sources */ = {isa = PBXBuildFile; fileRef = 17B7B9991B52CA74009A8752 /* main.m */; };
		17B7B99D1B52CA74009A8752 /* AppDelegate.m in Sources */ = {isa = PBXBuildFile; fileRef = 17B7B99C1B52CA74009A8752 /* AppDelegate.m */; };
		17B7B9A51B52CA74009A8752 /* Images.xcassets in Resources */ = {isa = PBXBuildFile; fileRef = 17B7B9A41B52CA74009A8752 /* Images.xcassets */; };
		17B7B9A81B52CA74009A8752 /* LaunchScreen.xib in Resources */ = {isa = PBXBuildFile; fileRef = 17B7B9A61B52CA74009A8752 /* LaunchScreen.xib */; };
		17B7B9B41B52CA75009A8752 /* hackuProductTests.m in Sources */ = {isa = PBXBuildFile; fileRef = 17B7B9B31B52CA75009A8752 /* hackuProductTests.m */; };
		17B7B9CF1B53D16F009A8752 /* BookShelfCell.m in Sources */ = {isa = PBXBuildFile; fileRef = 17B7B9CD1B53D16F009A8752 /* BookShelfCell.m */; };
		17B7B9D01B53D16F009A8752 /* BookShelfCell.xib in Resources */ = {isa = PBXBuildFile; fileRef = 17B7B9CE1B53D16F009A8752 /* BookShelfCell.xib */; };
		17B7B9D41B53D2E8009A8752 /* BookShelfController.m in Sources */ = {isa = PBXBuildFile; fileRef = 17B7B9D21B53D2E8009A8752 /* BookShelfController.m */; };
		17B7B9EA1B570D43009A8752 /* FriendViewController.m in Sources */ = {isa = PBXBuildFile; fileRef = 17B7B9E81B570D43009A8752 /* FriendViewController.m */; };
		17B7B9EF1B5922A2009A8752 /* FriendTableViewCell.m in Sources */ = {isa = PBXBuildFile; fileRef = 17B7B9ED1B5922A2009A8752 /* FriendTableViewCell.m */; };
		17B7B9F01B5922A2009A8752 /* FriendTableViewCell.xib in Resources */ = {isa = PBXBuildFile; fileRef = 17B7B9EE1B5922A2009A8752 /* FriendTableViewCell.xib */; };
		17B7B9F41B593BFB009A8752 /* (null) in Resources */ = {isa = PBXBuildFile; };
		17BD60421B6DE2F8002C84B2 /* TimelineCell.m in Sources */ = {isa = PBXBuildFile; fileRef = 17BD60401B6DE2F8002C84B2 /* TimelineCell.m */; };
		17BD60431B6DE2F8002C84B2 /* TimelineCell.xib in Resources */ = {isa = PBXBuildFile; fileRef = 17BD60411B6DE2F8002C84B2 /* TimelineCell.xib */; };
		4A2FE1AF1B6780C600D129DC /* SearchResultCell.xib in Resources */ = {isa = PBXBuildFile; fileRef = 4A2FE1AE1B6780C600D129DC /* SearchResultCell.xib */; };
		4A3576061B6944100025BD73 /* BookDetailViewController.m in Sources */ = {isa = PBXBuildFile; fileRef = 4A3576051B6944100025BD73 /* BookDetailViewController.m */; };
		4A3576081B6944450025BD73 /* BookDetailViewController.xib in Resources */ = {isa = PBXBuildFile; fileRef = 4A3576071B6944450025BD73 /* BookDetailViewController.xib */; };
		4A35760B1B69DF1B0025BD73 /* AlertHelper.m in Sources */ = {isa = PBXBuildFile; fileRef = 4A35760A1B69DF1B0025BD73 /* AlertHelper.m */; };
		4A5C63861B5F746800AA233C /* LoginViewController.m in Sources */ = {isa = PBXBuildFile; fileRef = 4A5C63851B5F746800AA233C /* LoginViewController.m */; };
		4A5C63891B5F752C00AA233C /* LoginViewController.xib in Resources */ = {isa = PBXBuildFile; fileRef = 4A5C63881B5F752C00AA233C /* LoginViewController.xib */; };
		4A7A12081B71050B00277161 /* Book.m in Sources */ = {isa = PBXBuildFile; fileRef = 4A7A12071B71050B00277161 /* Book.m */; };
		4A7A120B1B71118D00277161 /* Bookshelf.m in Sources */ = {isa = PBXBuildFile; fileRef = 4A7A120A1B71118D00277161 /* Bookshelf.m */; };
		4A7A12111B71C72900277161 /* BookShelfListViewController.m in Sources */ = {isa = PBXBuildFile; fileRef = 4A7A12101B71C72900277161 /* BookShelfListViewController.m */; };
		4A7A12191B71CDC900277161 /* BookShelfListCell.m in Sources */ = {isa = PBXBuildFile; fileRef = 4A7A12171B71CDC900277161 /* BookShelfListCell.m */; };
		4A7A121A1B71CDC900277161 /* BookShelfListCell.xib in Resources */ = {isa = PBXBuildFile; fileRef = 4A7A12181B71CDC900277161 /* BookShelfListCell.xib */; };
		4A901A8B1B62A15800C8FE1C /* Settings.bundle in Resources */ = {isa = PBXBuildFile; fileRef = 4A901A8A1B62A15800C8FE1C /* Settings.bundle */; };
		4A901A911B62D65000C8FE1C /* LicenseViewController.m in Sources */ = {isa = PBXBuildFile; fileRef = 4A901A901B62D65000C8FE1C /* LicenseViewController.m */; };
		4A965B031B68217000F7ABE6 /* SNS.m in Sources */ = {isa = PBXBuildFile; fileRef = 4A965B021B68217000F7ABE6 /* SNS.m */; };
		4AB78D231B59988D00B27BEC /* Backend.m in Sources */ = {isa = PBXBuildFile; fileRef = 4AB78D221B59988D00B27BEC /* Backend.m */; };
		4AC1031D1B67EBFA004B3E75 /* User.m in Sources */ = {isa = PBXBuildFile; fileRef = 4AC1031C1B67EBFA004B3E75 /* User.m */; };
		4AC2D4BF1B63AB3300F80E61 /* AddFriendViewController.m in Sources */ = {isa = PBXBuildFile; fileRef = 4AC2D4BD1B63AB3300F80E61 /* AddFriendViewController.m */; };
		4AC2D4C01B63AB3300F80E61 /* AddFriendViewController.xib in Resources */ = {isa = PBXBuildFile; fileRef = 4AC2D4BE1B63AB3300F80E61 /* AddFriendViewController.xib */; };
		4AC2D4C51B6409AC00F80E61 /* HomeViewController.m in Sources */ = {isa = PBXBuildFile; fileRef = 4AC2D4C31B6409AC00F80E61 /* HomeViewController.m */; };
		4AC2D4C61B6409AC00F80E61 /* HomeViewController.xib in Resources */ = {isa = PBXBuildFile; fileRef = 4AC2D4C41B6409AC00F80E61 /* HomeViewController.xib */; };
		4ADD13BF1B60B22D00A0D7B6 /* SettingViewController.m in Sources */ = {isa = PBXBuildFile; fileRef = 4ADD13BD1B60B22D00A0D7B6 /* SettingViewController.m */; };
		4AEE8C8E1B6548A200865AFF /* HomeViewCell.xib in Resources */ = {isa = PBXBuildFile; fileRef = 4AEE8C8D1B6548A200865AFF /* HomeViewCell.xib */; };
		4AEE8C921B65CAAC00865AFF /* BlocklistViewController.m in Sources */ = {isa = PBXBuildFile; fileRef = 4AEE8C911B65CAAC00865AFF /* BlocklistViewController.m */; };
		4AEE8C9A1B66BD6E00865AFF /* ImprovedViewController.m in Sources */ = {isa = PBXBuildFile; fileRef = 4AEE8C991B66BD6E00865AFF /* ImprovedViewController.m */; };
		DF8008A2CD40C0C452FFD08F /* Pods_hackuProduct.framework in Frameworks */ = {isa = PBXBuildFile; fileRef = 74C9D6675BC3927253BC92D1 /* Pods_hackuProduct.framework */; settings = {ATTRIBUTES = (Weak, ); }; };
/* End PBXBuildFile section */

/* Begin PBXContainerItemProxy section */
		17B7B9AE1B52CA75009A8752 /* PBXContainerItemProxy */ = {
			isa = PBXContainerItemProxy;
			containerPortal = 17B7B98C1B52CA74009A8752 /* Project object */;
			proxyType = 1;
			remoteGlobalIDString = 17B7B9931B52CA74009A8752;
			remoteInfo = hackuProduct;
		};
/* End PBXContainerItemProxy section */

/* Begin PBXFileReference section */
		174D1E0E1B660CA9007BB81C /* FriendProfileViewController.h */ = {isa = PBXFileReference; fileEncoding = 4; lastKnownFileType = sourcecode.c.h; path = FriendProfileViewController.h; sourceTree = "<group>"; };
		174D1E0F1B660CA9007BB81C /* FriendProfileViewController.m */ = {isa = PBXFileReference; fileEncoding = 4; lastKnownFileType = sourcecode.c.objc; path = FriendProfileViewController.m; sourceTree = "<group>"; };
		174D1E101B660CA9007BB81C /* FriendProfileViewController.xib */ = {isa = PBXFileReference; fileEncoding = 4; lastKnownFileType = file.xib; path = FriendProfileViewController.xib; sourceTree = "<group>"; };
		174D1E541B6629D2007BB81C /* SearchViewController.h */ = {isa = PBXFileReference; fileEncoding = 4; lastKnownFileType = sourcecode.c.h; path = SearchViewController.h; sourceTree = "<group>"; };
		174D1E551B6629D2007BB81C /* SearchViewController.m */ = {isa = PBXFileReference; fileEncoding = 4; lastKnownFileType = sourcecode.c.objc; path = SearchViewController.m; sourceTree = "<group>"; };
		174D1E561B6629D2007BB81C /* SearchViewController.xib */ = {isa = PBXFileReference; fileEncoding = 4; lastKnownFileType = file.xib; path = SearchViewController.xib; sourceTree = "<group>"; };
		174D1E591B666C2E007BB81C /* ProfileEditViewController.h */ = {isa = PBXFileReference; fileEncoding = 4; lastKnownFileType = sourcecode.c.h; path = ProfileEditViewController.h; sourceTree = "<group>"; };
		174D1E5A1B666C2E007BB81C /* ProfileEditViewController.m */ = {isa = PBXFileReference; fileEncoding = 4; lastKnownFileType = sourcecode.c.objc; path = ProfileEditViewController.m; sourceTree = "<group>"; };
		174D1E5B1B666C2E007BB81C /* ProfileEditViewController.xib */ = {isa = PBXFileReference; fileEncoding = 4; lastKnownFileType = file.xib; path = ProfileEditViewController.xib; sourceTree = "<group>"; };
		174D1E5E1B675BF1007BB81C /* AccountEditViewController.h */ = {isa = PBXFileReference; fileEncoding = 4; lastKnownFileType = sourcecode.c.h; path = AccountEditViewController.h; sourceTree = "<group>"; };
		174D1E5F1B675BF1007BB81C /* AccountEditViewController.m */ = {isa = PBXFileReference; fileEncoding = 4; lastKnownFileType = sourcecode.c.objc; path = AccountEditViewController.m; sourceTree = "<group>"; };
		174D1E601B675BF1007BB81C /* AccountEditViewController.xib */ = {isa = PBXFileReference; fileEncoding = 4; lastKnownFileType = file.xib; path = AccountEditViewController.xib; sourceTree = "<group>"; };
		175EC6601B5A9F5600752BE6 /* FriendBookShelfController.h */ = {isa = PBXFileReference; fileEncoding = 4; lastKnownFileType = sourcecode.c.h; path = FriendBookShelfController.h; sourceTree = "<group>"; };
		175EC6611B5A9F5600752BE6 /* FriendBookShelfController.m */ = {isa = PBXFileReference; fileEncoding = 4; lastKnownFileType = sourcecode.c.objc; path = FriendBookShelfController.m; sourceTree = "<group>"; };
		175EC6741B636A2B00752BE6 /* QuartzCore.framework */ = {isa = PBXFileReference; lastKnownFileType = wrapper.framework; name = QuartzCore.framework; path = System/Library/Frameworks/QuartzCore.framework; sourceTree = SDKROOT; };
		17B7B9941B52CA74009A8752 /* hackuProduct.app */ = {isa = PBXFileReference; explicitFileType = wrapper.application; includeInIndex = 0; path = hackuProduct.app; sourceTree = BUILT_PRODUCTS_DIR; };
		17B7B9981B52CA74009A8752 /* Info.plist */ = {isa = PBXFileReference; lastKnownFileType = text.plist.xml; path = Info.plist; sourceTree = "<group>"; };
		17B7B9991B52CA74009A8752 /* main.m */ = {isa = PBXFileReference; lastKnownFileType = sourcecode.c.objc; path = main.m; sourceTree = "<group>"; };
		17B7B99B1B52CA74009A8752 /* AppDelegate.h */ = {isa = PBXFileReference; lastKnownFileType = sourcecode.c.h; path = AppDelegate.h; sourceTree = "<group>"; };
		17B7B99C1B52CA74009A8752 /* AppDelegate.m */ = {isa = PBXFileReference; lastKnownFileType = sourcecode.c.objc; path = AppDelegate.m; sourceTree = "<group>"; };
		17B7B9A41B52CA74009A8752 /* Images.xcassets */ = {isa = PBXFileReference; lastKnownFileType = folder.assetcatalog; path = Images.xcassets; sourceTree = "<group>"; };
		17B7B9A71B52CA74009A8752 /* Base */ = {isa = PBXFileReference; lastKnownFileType = file.xib; name = Base; path = Base.lproj/LaunchScreen.xib; sourceTree = "<group>"; };
		17B7B9AD1B52CA75009A8752 /* hackuProductTests.xctest */ = {isa = PBXFileReference; explicitFileType = wrapper.cfbundle; includeInIndex = 0; path = hackuProductTests.xctest; sourceTree = BUILT_PRODUCTS_DIR; };
		17B7B9B21B52CA75009A8752 /* Info.plist */ = {isa = PBXFileReference; lastKnownFileType = text.plist.xml; path = Info.plist; sourceTree = "<group>"; };
		17B7B9B31B52CA75009A8752 /* hackuProductTests.m */ = {isa = PBXFileReference; lastKnownFileType = sourcecode.c.objc; path = hackuProductTests.m; sourceTree = "<group>"; };
		17B7B9CC1B53D16F009A8752 /* BookShelfCell.h */ = {isa = PBXFileReference; fileEncoding = 4; lastKnownFileType = sourcecode.c.h; path = BookShelfCell.h; sourceTree = "<group>"; };
		17B7B9CD1B53D16F009A8752 /* BookShelfCell.m */ = {isa = PBXFileReference; fileEncoding = 4; lastKnownFileType = sourcecode.c.objc; path = BookShelfCell.m; sourceTree = "<group>"; };
		17B7B9CE1B53D16F009A8752 /* BookShelfCell.xib */ = {isa = PBXFileReference; fileEncoding = 4; lastKnownFileType = file.xib; path = BookShelfCell.xib; sourceTree = "<group>"; };
		17B7B9D11B53D2E8009A8752 /* BookShelfController.h */ = {isa = PBXFileReference; fileEncoding = 4; lastKnownFileType = sourcecode.c.h; path = BookShelfController.h; sourceTree = "<group>"; };
		17B7B9D21B53D2E8009A8752 /* BookShelfController.m */ = {isa = PBXFileReference; fileEncoding = 4; lastKnownFileType = sourcecode.c.objc; path = BookShelfController.m; sourceTree = "<group>"; };
		17B7B9E71B570D43009A8752 /* FriendViewController.h */ = {isa = PBXFileReference; fileEncoding = 4; lastKnownFileType = sourcecode.c.h; path = FriendViewController.h; sourceTree = "<group>"; };
		17B7B9E81B570D43009A8752 /* FriendViewController.m */ = {isa = PBXFileReference; fileEncoding = 4; lastKnownFileType = sourcecode.c.objc; path = FriendViewController.m; sourceTree = "<group>"; };
		17B7B9EC1B5922A2009A8752 /* FriendTableViewCell.h */ = {isa = PBXFileReference; fileEncoding = 4; lastKnownFileType = sourcecode.c.h; path = FriendTableViewCell.h; sourceTree = "<group>"; };
		17B7B9ED1B5922A2009A8752 /* FriendTableViewCell.m */ = {isa = PBXFileReference; fileEncoding = 4; lastKnownFileType = sourcecode.c.objc; path = FriendTableViewCell.m; sourceTree = "<group>"; };
		17B7B9EE1B5922A2009A8752 /* FriendTableViewCell.xib */ = {isa = PBXFileReference; fileEncoding = 4; lastKnownFileType = file.xib; path = FriendTableViewCell.xib; sourceTree = "<group>"; };
		17BD603F1B6DE2F8002C84B2 /* TimelineCell.h */ = {isa = PBXFileReference; fileEncoding = 4; lastKnownFileType = sourcecode.c.h; path = TimelineCell.h; sourceTree = "<group>"; };
		17BD60401B6DE2F8002C84B2 /* TimelineCell.m */ = {isa = PBXFileReference; fileEncoding = 4; lastKnownFileType = sourcecode.c.objc; path = TimelineCell.m; sourceTree = "<group>"; };
		17BD60411B6DE2F8002C84B2 /* TimelineCell.xib */ = {isa = PBXFileReference; fileEncoding = 4; lastKnownFileType = file.xib; path = TimelineCell.xib; sourceTree = "<group>"; };
		1838465C38D31AE895EAA4BD /* Pods-hackuProduct.release.xcconfig */ = {isa = PBXFileReference; includeInIndex = 1; lastKnownFileType = text.xcconfig; name = "Pods-hackuProduct.release.xcconfig"; path = "Pods/Target Support Files/Pods-hackuProduct/Pods-hackuProduct.release.xcconfig"; sourceTree = "<group>"; };
		42D7E9A1590D7C82A85E7BB1 /* Pods-hackuProduct.debug.xcconfig */ = {isa = PBXFileReference; includeInIndex = 1; lastKnownFileType = text.xcconfig; name = "Pods-hackuProduct.debug.xcconfig"; path = "Pods/Target Support Files/Pods-hackuProduct/Pods-hackuProduct.debug.xcconfig"; sourceTree = "<group>"; };
		4A2FE1AE1B6780C600D129DC /* SearchResultCell.xib */ = {isa = PBXFileReference; fileEncoding = 4; lastKnownFileType = file.xib; path = SearchResultCell.xib; sourceTree = "<group>"; };
		4A3576041B6944100025BD73 /* BookDetailViewController.h */ = {isa = PBXFileReference; fileEncoding = 4; lastKnownFileType = sourcecode.c.h; path = BookDetailViewController.h; sourceTree = "<group>"; };
		4A3576051B6944100025BD73 /* BookDetailViewController.m */ = {isa = PBXFileReference; fileEncoding = 4; lastKnownFileType = sourcecode.c.objc; path = BookDetailViewController.m; sourceTree = "<group>"; };
		4A3576071B6944450025BD73 /* BookDetailViewController.xib */ = {isa = PBXFileReference; fileEncoding = 4; lastKnownFileType = file.xib; path = BookDetailViewController.xib; sourceTree = "<group>"; };
		4A3576091B69DC5B0025BD73 /* AlertHelper.h */ = {isa = PBXFileReference; fileEncoding = 4; lastKnownFileType = sourcecode.c.h; path = AlertHelper.h; sourceTree = "<group>"; };
		4A35760A1B69DF1B0025BD73 /* AlertHelper.m */ = {isa = PBXFileReference; fileEncoding = 4; lastKnownFileType = sourcecode.c.objc; path = AlertHelper.m; sourceTree = "<group>"; };
		4A35760C1B6A0A920025BD73 /* hackuProduct-Prefix.pch */ = {isa = PBXFileReference; fileEncoding = 4; lastKnownFileType = sourcecode.c.h; path = "hackuProduct-Prefix.pch"; sourceTree = "<group>"; };
		4A5C63851B5F746800AA233C /* LoginViewController.m */ = {isa = PBXFileReference; fileEncoding = 4; lastKnownFileType = sourcecode.c.objc; path = LoginViewController.m; sourceTree = "<group>"; };
		4A5C63871B5F748200AA233C /* LoginViewController.h */ = {isa = PBXFileReference; fileEncoding = 4; lastKnownFileType = sourcecode.c.h; path = LoginViewController.h; sourceTree = "<group>"; };
		4A5C63881B5F752C00AA233C /* LoginViewController.xib */ = {isa = PBXFileReference; fileEncoding = 4; lastKnownFileType = file.xib; path = LoginViewController.xib; sourceTree = "<group>"; };
		4A7A12061B7103FF00277161 /* Book.h */ = {isa = PBXFileReference; fileEncoding = 4; lastKnownFileType = sourcecode.c.h; path = Book.h; sourceTree = "<group>"; };
		4A7A12071B71050B00277161 /* Book.m */ = {isa = PBXFileReference; fileEncoding = 4; lastKnownFileType = sourcecode.c.objc; path = Book.m; sourceTree = "<group>"; };
		4A7A12091B71117100277161 /* Bookshelf.h */ = {isa = PBXFileReference; fileEncoding = 4; lastKnownFileType = sourcecode.c.h; path = Bookshelf.h; sourceTree = "<group>"; };
		4A7A120A1B71118D00277161 /* Bookshelf.m */ = {isa = PBXFileReference; fileEncoding = 4; lastKnownFileType = sourcecode.c.objc; path = Bookshelf.m; sourceTree = "<group>"; };
		4A7A120F1B71C72900277161 /* BookShelfListViewController.h */ = {isa = PBXFileReference; fileEncoding = 4; lastKnownFileType = sourcecode.c.h; path = BookShelfListViewController.h; sourceTree = "<group>"; };
		4A7A12101B71C72900277161 /* BookShelfListViewController.m */ = {isa = PBXFileReference; fileEncoding = 4; lastKnownFileType = sourcecode.c.objc; path = BookShelfListViewController.m; sourceTree = "<group>"; };
		4A7A12161B71CDC900277161 /* BookShelfListCell.h */ = {isa = PBXFileReference; fileEncoding = 4; lastKnownFileType = sourcecode.c.h; path = BookShelfListCell.h; sourceTree = "<group>"; };
		4A7A12171B71CDC900277161 /* BookShelfListCell.m */ = {isa = PBXFileReference; fileEncoding = 4; lastKnownFileType = sourcecode.c.objc; path = BookShelfListCell.m; sourceTree = "<group>"; };
		4A7A12181B71CDC900277161 /* BookShelfListCell.xib */ = {isa = PBXFileReference; fileEncoding = 4; lastKnownFileType = file.xib; path = BookShelfListCell.xib; sourceTree = "<group>"; };
		4A7D29421B68CB6F009D0B7E /* UIImageView+WebImage.h */ = {isa = PBXFileReference; fileEncoding = 4; lastKnownFileType = sourcecode.c.h; path = "UIImageView+WebImage.h"; sourceTree = "<group>"; };
		4A901A8A1B62A15800C8FE1C /* Settings.bundle */ = {isa = PBXFileReference; lastKnownFileType = "wrapper.plug-in"; path = Settings.bundle; sourceTree = "<group>"; };
		4A901A8F1B62D65000C8FE1C /* LicenseViewController.h */ = {isa = PBXFileReference; fileEncoding = 4; lastKnownFileType = sourcecode.c.h; path = LicenseViewController.h; sourceTree = "<group>"; };
		4A901A901B62D65000C8FE1C /* LicenseViewController.m */ = {isa = PBXFileReference; fileEncoding = 4; lastKnownFileType = sourcecode.c.objc; path = LicenseViewController.m; sourceTree = "<group>"; };
		4A965B011B68216300F7ABE6 /* SNS.h */ = {isa = PBXFileReference; fileEncoding = 4; lastKnownFileType = sourcecode.c.h; path = SNS.h; sourceTree = "<group>"; };
		4A965B021B68217000F7ABE6 /* SNS.m */ = {isa = PBXFileReference; fileEncoding = 4; lastKnownFileType = sourcecode.c.objc; path = SNS.m; sourceTree = "<group>"; };
		4AB78D221B59988D00B27BEC /* Backend.m */ = {isa = PBXFileReference; fileEncoding = 4; lastKnownFileType = sourcecode.c.objc; path = Backend.m; sourceTree = "<group>"; };
		4AB78D241B5998A100B27BEC /* Backend.h */ = {isa = PBXFileReference; fileEncoding = 4; lastKnownFileType = sourcecode.c.h; path = Backend.h; sourceTree = "<group>"; };
		4ABB53461B768E9E00B53301 /* hackuProduct-Bridging-Header.h */ = {isa = PBXFileReference; fileEncoding = 4; lastKnownFileType = sourcecode.c.h; path = "hackuProduct-Bridging-Header.h"; sourceTree = "<group>"; };
		4AC1031C1B67EBFA004B3E75 /* User.m */ = {isa = PBXFileReference; fileEncoding = 4; lastKnownFileType = sourcecode.c.objc; path = User.m; sourceTree = "<group>"; };
		4AC1031E1B67EC03004B3E75 /* User.h */ = {isa = PBXFileReference; lastKnownFileType = sourcecode.c.h; path = User.h; sourceTree = "<group>"; };
		4AC2D4BC1B63AB3300F80E61 /* AddFriendViewController.h */ = {isa = PBXFileReference; fileEncoding = 4; lastKnownFileType = sourcecode.c.h; path = AddFriendViewController.h; sourceTree = "<group>"; };
		4AC2D4BD1B63AB3300F80E61 /* AddFriendViewController.m */ = {isa = PBXFileReference; fileEncoding = 4; lastKnownFileType = sourcecode.c.objc; path = AddFriendViewController.m; sourceTree = "<group>"; };
		4AC2D4BE1B63AB3300F80E61 /* AddFriendViewController.xib */ = {isa = PBXFileReference; fileEncoding = 4; lastKnownFileType = file.xib; path = AddFriendViewController.xib; sourceTree = "<group>"; };
		4AC2D4C21B6409AC00F80E61 /* HomeViewController.h */ = {isa = PBXFileReference; fileEncoding = 4; lastKnownFileType = sourcecode.c.h; path = HomeViewController.h; sourceTree = "<group>"; };
		4AC2D4C31B6409AC00F80E61 /* HomeViewController.m */ = {isa = PBXFileReference; fileEncoding = 4; lastKnownFileType = sourcecode.c.objc; path = HomeViewController.m; sourceTree = "<group>"; };
		4AC2D4C41B6409AC00F80E61 /* HomeViewController.xib */ = {isa = PBXFileReference; fileEncoding = 4; lastKnownFileType = file.xib; path = HomeViewController.xib; sourceTree = "<group>"; };
		4ADD13BC1B60B22D00A0D7B6 /* SettingViewController.h */ = {isa = PBXFileReference; fileEncoding = 4; lastKnownFileType = sourcecode.c.h; path = SettingViewController.h; sourceTree = "<group>"; };
		4ADD13BD1B60B22D00A0D7B6 /* SettingViewController.m */ = {isa = PBXFileReference; fileEncoding = 4; lastKnownFileType = sourcecode.c.objc; path = SettingViewController.m; sourceTree = "<group>"; };
		4AEE8C8D1B6548A200865AFF /* HomeViewCell.xib */ = {isa = PBXFileReference; fileEncoding = 4; lastKnownFileType = file.xib; path = HomeViewCell.xib; sourceTree = "<group>"; };
		4AEE8C901B65CAAC00865AFF /* BlocklistViewController.h */ = {isa = PBXFileReference; fileEncoding = 4; lastKnownFileType = sourcecode.c.h; path = BlocklistViewController.h; sourceTree = "<group>"; };
		4AEE8C911B65CAAC00865AFF /* BlocklistViewController.m */ = {isa = PBXFileReference; fileEncoding = 4; lastKnownFileType = sourcecode.c.objc; path = BlocklistViewController.m; sourceTree = "<group>"; };
		4AEE8C981B66B99600865AFF /* ImprovedViewController.h */ = {isa = PBXFileReference; lastKnownFileType = sourcecode.c.h; path = ImprovedViewController.h; sourceTree = "<group>"; };
		4AEE8C991B66BD6E00865AFF /* ImprovedViewController.m */ = {isa = PBXFileReference; fileEncoding = 4; lastKnownFileType = sourcecode.c.objc; path = ImprovedViewController.m; sourceTree = "<group>"; };
		74C9D6675BC3927253BC92D1 /* Pods_hackuProduct.framework */ = {isa = PBXFileReference; explicitFileType = wrapper.framework; includeInIndex = 0; path = Pods_hackuProduct.framework; sourceTree = BUILT_PRODUCTS_DIR; };
/* End PBXFileReference section */

/* Begin PBXFrameworksBuildPhase section */
		17B7B9911B52CA74009A8752 /* Frameworks */ = {
			isa = PBXFrameworksBuildPhase;
			buildActionMask = 2147483647;
			files = (
				175EC6751B636A2B00752BE6 /* QuartzCore.framework in Frameworks */,
				DF8008A2CD40C0C452FFD08F /* Pods_hackuProduct.framework in Frameworks */,
			);
			runOnlyForDeploymentPostprocessing = 0;
		};
		17B7B9AA1B52CA75009A8752 /* Frameworks */ = {
			isa = PBXFrameworksBuildPhase;
			buildActionMask = 2147483647;
			files = (
			);
			runOnlyForDeploymentPostprocessing = 0;
		};
/* End PBXFrameworksBuildPhase section */

/* Begin PBXGroup section */
		17B7B98B1B52CA74009A8752 = {
			isa = PBXGroup;
			children = (
				17B7B9961B52CA74009A8752 /* hackuProduct */,
				17B7B9B01B52CA75009A8752 /* hackuProductTests */,
				17B7B9951B52CA74009A8752 /* Products */,
				C6225939FBED4FE41DCAD514 /* Pods */,
				1F519D42D4C2A4B1708991ED /* Frameworks */,
			);
			sourceTree = "<group>";
		};
		17B7B9951B52CA74009A8752 /* Products */ = {
			isa = PBXGroup;
			children = (
				17B7B9941B52CA74009A8752 /* hackuProduct.app */,
				17B7B9AD1B52CA75009A8752 /* hackuProductTests.xctest */,
			);
			name = Products;
			sourceTree = "<group>";
		};
		17B7B9961B52CA74009A8752 /* hackuProduct */ = {
			isa = PBXGroup;
			children = (
				4A68E28A1B74F3500075B75B /* Categories */,
				4A68E2891B74EDED0075B75B /* Utilities */,
				4A68E2881B74DC060075B75B /* Views */,
				4A68E2871B74D7B60075B75B /* Controllers */,
				4AC103181B67EB80004B3E75 /* Models */,
				17B7B99B1B52CA74009A8752 /* AppDelegate.h */,
				17B7B99C1B52CA74009A8752 /* AppDelegate.m */,
				17B7B9A41B52CA74009A8752 /* Images.xcassets */,
				17B7B9A61B52CA74009A8752 /* LaunchScreen.xib */,
				4ABB53461B768E9E00B53301 /* hackuProduct-Bridging-Header.h */,
				17B7B9971B52CA74009A8752 /* Supporting Files */,
				4A901A8A1B62A15800C8FE1C /* Settings.bundle */,
			);
			path = hackuProduct;
			sourceTree = "<group>";
		};
		17B7B9971B52CA74009A8752 /* Supporting Files */ = {
			isa = PBXGroup;
			children = (
				17B7B9981B52CA74009A8752 /* Info.plist */,
				17B7B9991B52CA74009A8752 /* main.m */,
				4A35760C1B6A0A920025BD73 /* hackuProduct-Prefix.pch */,
			);
			path = "Supporting Files";
			sourceTree = "<group>";
		};
		17B7B9B01B52CA75009A8752 /* hackuProductTests */ = {
			isa = PBXGroup;
			children = (
				17B7B9B31B52CA75009A8752 /* hackuProductTests.m */,
				17B7B9B11B52CA75009A8752 /* Supporting Files */,
			);
			path = hackuProductTests;
			sourceTree = "<group>";
		};
		17B7B9B11B52CA75009A8752 /* Supporting Files */ = {
			isa = PBXGroup;
			children = (
				17B7B9B21B52CA75009A8752 /* Info.plist */,
			);
			path = "Supporting Files";
			sourceTree = "<group>";
		};
		1F519D42D4C2A4B1708991ED /* Frameworks */ = {
			isa = PBXGroup;
			children = (
				175EC6741B636A2B00752BE6 /* QuartzCore.framework */,
				74C9D6675BC3927253BC92D1 /* Pods_hackuProduct.framework */,
			);
			name = Frameworks;
			sourceTree = "<group>";
		};
		4A68E2871B74D7B60075B75B /* Controllers */ = {
			isa = PBXGroup;
			children = (
				4AC2D4C21B6409AC00F80E61 /* HomeViewController.h */,
				4AC2D4C31B6409AC00F80E61 /* HomeViewController.m */,
				4AC2D4C41B6409AC00F80E61 /* HomeViewController.xib */,
				17B7B9D11B53D2E8009A8752 /* BookShelfController.h */,
				17B7B9D21B53D2E8009A8752 /* BookShelfController.m */,
				4A7A120F1B71C72900277161 /* BookShelfListViewController.h */,
				4A7A12101B71C72900277161 /* BookShelfListViewController.m */,
				4A3576041B6944100025BD73 /* BookDetailViewController.h */,
				4A3576051B6944100025BD73 /* BookDetailViewController.m */,
				4A3576071B6944450025BD73 /* BookDetailViewController.xib */,
				17B7B9E71B570D43009A8752 /* FriendViewController.h */,
				17B7B9E81B570D43009A8752 /* FriendViewController.m */,
				4AC2D4BC1B63AB3300F80E61 /* AddFriendViewController.h */,
				4AC2D4BD1B63AB3300F80E61 /* AddFriendViewController.m */,
				4AC2D4BE1B63AB3300F80E61 /* AddFriendViewController.xib */,
				175EC6601B5A9F5600752BE6 /* FriendBookShelfController.h */,
				175EC6611B5A9F5600752BE6 /* FriendBookShelfController.m */,
				174D1E0E1B660CA9007BB81C /* FriendProfileViewController.h */,
				174D1E0F1B660CA9007BB81C /* FriendProfileViewController.m */,
				174D1E101B660CA9007BB81C /* FriendProfileViewController.xib */,
				4A5C63871B5F748200AA233C /* LoginViewController.h */,
				4A5C63851B5F746800AA233C /* LoginViewController.m */,
				4A5C63881B5F752C00AA233C /* LoginViewController.xib */,
				174D1E541B6629D2007BB81C /* SearchViewController.h */,
				174D1E551B6629D2007BB81C /* SearchViewController.m */,
				174D1E561B6629D2007BB81C /* SearchViewController.xib */,
				4ADD13BB1B60B22D00A0D7B6 /* Settings */,
			);
			path = Controllers;
			sourceTree = "<group>";
		};
		4A68E2881B74DC060075B75B /* Views */ = {
			isa = PBXGroup;
			children = (
				4AEE8C8D1B6548A200865AFF /* HomeViewCell.xib */,
				17BD603F1B6DE2F8002C84B2 /* TimelineCell.h */,
				17BD60401B6DE2F8002C84B2 /* TimelineCell.m */,
				17BD60411B6DE2F8002C84B2 /* TimelineCell.xib */,
				17B7B9EC1B5922A2009A8752 /* FriendTableViewCell.h */,
				17B7B9ED1B5922A2009A8752 /* FriendTableViewCell.m */,
				17B7B9EE1B5922A2009A8752 /* FriendTableViewCell.xib */,
				17B7B9CC1B53D16F009A8752 /* BookShelfCell.h */,
				17B7B9CD1B53D16F009A8752 /* BookShelfCell.m */,
				17B7B9CE1B53D16F009A8752 /* BookShelfCell.xib */,
				4A7A12161B71CDC900277161 /* BookShelfListCell.h */,
				4A7A12171B71CDC900277161 /* BookShelfListCell.m */,
				4A7A12181B71CDC900277161 /* BookShelfListCell.xib */,
				4A2FE1AE1B6780C600D129DC /* SearchResultCell.xib */,
			);
			path = Views;
			sourceTree = "<group>";
		};
		4A68E2891B74EDED0075B75B /* Utilities */ = {
			isa = PBXGroup;
			children = (
				4A965B011B68216300F7ABE6 /* SNS.h */,
				4A965B021B68217000F7ABE6 /* SNS.m */,
				4AB78D221B59988D00B27BEC /* Backend.m */,
				4AB78D241B5998A100B27BEC /* Backend.h */,
				4AEE8C981B66B99600865AFF /* ImprovedViewController.h */,
				4AEE8C991B66BD6E00865AFF /* ImprovedViewController.m */,
				4A3576091B69DC5B0025BD73 /* AlertHelper.h */,
				4A35760A1B69DF1B0025BD73 /* AlertHelper.m */,
			);
			path = Utilities;
			sourceTree = "<group>";
		};
		4A68E28A1B74F3500075B75B /* Categories */ = {
			isa = PBXGroup;
			children = (
				4A7D29421B68CB6F009D0B7E /* UIImageView+WebImage.h */,
			);
			path = Categories;
			sourceTree = "<group>";
		};
		4AC103181B67EB80004B3E75 /* Models */ = {
			isa = PBXGroup;
			children = (
				4AC1031E1B67EC03004B3E75 /* User.h */,
				4AC1031C1B67EBFA004B3E75 /* User.m */,
				4A7A12061B7103FF00277161 /* Book.h */,
				4A7A12071B71050B00277161 /* Book.m */,
				4A7A12091B71117100277161 /* Bookshelf.h */,
				4A7A120A1B71118D00277161 /* Bookshelf.m */,
			);
			path = Models;
			sourceTree = "<group>";
		};
		4ADD13BB1B60B22D00A0D7B6 /* Settings */ = {
			isa = PBXGroup;
			children = (
				4ADD13BC1B60B22D00A0D7B6 /* SettingViewController.h */,
				4ADD13BD1B60B22D00A0D7B6 /* SettingViewController.m */,
				4A901A8F1B62D65000C8FE1C /* LicenseViewController.h */,
				4A901A901B62D65000C8FE1C /* LicenseViewController.m */,
				4AEE8C901B65CAAC00865AFF /* BlocklistViewController.h */,
				4AEE8C911B65CAAC00865AFF /* BlocklistViewController.m */,
				174D1E591B666C2E007BB81C /* ProfileEditViewController.h */,
				174D1E5A1B666C2E007BB81C /* ProfileEditViewController.m */,
				174D1E5B1B666C2E007BB81C /* ProfileEditViewController.xib */,
				174D1E5E1B675BF1007BB81C /* AccountEditViewController.h */,
				174D1E5F1B675BF1007BB81C /* AccountEditViewController.m */,
				174D1E601B675BF1007BB81C /* AccountEditViewController.xib */,
			);
			path = Settings;
			sourceTree = "<group>";
		};
		C6225939FBED4FE41DCAD514 /* Pods */ = {
			isa = PBXGroup;
			children = (
				42D7E9A1590D7C82A85E7BB1 /* Pods-hackuProduct.debug.xcconfig */,
				1838465C38D31AE895EAA4BD /* Pods-hackuProduct.release.xcconfig */,
			);
			name = Pods;
			sourceTree = "<group>";
		};
/* End PBXGroup section */

/* Begin PBXNativeTarget section */
		17B7B9931B52CA74009A8752 /* hackuProduct */ = {
			isa = PBXNativeTarget;
			buildConfigurationList = 17B7B9B71B52CA75009A8752 /* Build configuration list for PBXNativeTarget "hackuProduct" */;
			buildPhases = (
				C73AD44805952ADBE7E42343 /* Check Pods Manifest.lock */,
				17B7B9901B52CA74009A8752 /* Sources */,
				17B7B9911B52CA74009A8752 /* Frameworks */,
				17B7B9921B52CA74009A8752 /* Resources */,
				A5885FD061CD8E895092E4E1 /* Copy Pods Resources */,
				939F7A9442A1CD12852F3EDA /* Embed Pods Frameworks */,
			);
			buildRules = (
			);
			dependencies = (
			);
			name = hackuProduct;
			productName = hackuProduct;
			productReference = 17B7B9941B52CA74009A8752 /* hackuProduct.app */;
			productType = "com.apple.product-type.application";
		};
		17B7B9AC1B52CA75009A8752 /* hackuProductTests */ = {
			isa = PBXNativeTarget;
			buildConfigurationList = 17B7B9BA1B52CA75009A8752 /* Build configuration list for PBXNativeTarget "hackuProductTests" */;
			buildPhases = (
				17B7B9A91B52CA75009A8752 /* Sources */,
				17B7B9AA1B52CA75009A8752 /* Frameworks */,
				17B7B9AB1B52CA75009A8752 /* Resources */,
			);
			buildRules = (
			);
			dependencies = (
				17B7B9AF1B52CA75009A8752 /* PBXTargetDependency */,
			);
			name = hackuProductTests;
			productName = hackuProductTests;
			productReference = 17B7B9AD1B52CA75009A8752 /* hackuProductTests.xctest */;
			productType = "com.apple.product-type.bundle.unit-test";
		};
/* End PBXNativeTarget section */

/* Begin PBXProject section */
		17B7B98C1B52CA74009A8752 /* Project object */ = {
			isa = PBXProject;
			attributes = {
				LastSwiftUpdateCheck = 0700;
				LastUpgradeCheck = 0620;
				ORGANIZATIONNAME = "Kazusa Sakamoto";
				TargetAttributes = {
					17B7B9931B52CA74009A8752 = {
						CreatedOnToolsVersion = 6.2;
						DevelopmentTeam = X3Q8DP844F;
					};
					17B7B9AC1B52CA75009A8752 = {
						CreatedOnToolsVersion = 6.2;
						TestTargetID = 17B7B9931B52CA74009A8752;
					};
				};
			};
			buildConfigurationList = 17B7B98F1B52CA74009A8752 /* Build configuration list for PBXProject "hackuProduct" */;
			compatibilityVersion = "Xcode 3.2";
			developmentRegion = English;
			hasScannedForEncodings = 0;
			knownRegions = (
				en,
				Base,
			);
			mainGroup = 17B7B98B1B52CA74009A8752;
			productRefGroup = 17B7B9951B52CA74009A8752 /* Products */;
			projectDirPath = "";
			projectRoot = "";
			targets = (
				17B7B9931B52CA74009A8752 /* hackuProduct */,
				17B7B9AC1B52CA75009A8752 /* hackuProductTests */,
			);
		};
/* End PBXProject section */

/* Begin PBXResourcesBuildPhase section */
		17B7B9921B52CA74009A8752 /* Resources */ = {
			isa = PBXResourcesBuildPhase;
			buildActionMask = 2147483647;
			files = (
				174D1E581B6629D2007BB81C /* SearchViewController.xib in Resources */,
				4A3576081B6944450025BD73 /* BookDetailViewController.xib in Resources */,
				17B7B9A81B52CA74009A8752 /* LaunchScreen.xib in Resources */,
				174D1E5D1B666C2E007BB81C /* ProfileEditViewController.xib in Resources */,
				17B7B9F41B593BFB009A8752 /* (null) in Resources */,
				4A2FE1AF1B6780C600D129DC /* SearchResultCell.xib in Resources */,
				174D1E121B660CA9007BB81C /* FriendProfileViewController.xib in Resources */,
				17B7B9A51B52CA74009A8752 /* Images.xcassets in Resources */,
				17B7B9F01B5922A2009A8752 /* FriendTableViewCell.xib in Resources */,
				4A901A8B1B62A15800C8FE1C /* Settings.bundle in Resources */,
				4AC2D4C01B63AB3300F80E61 /* AddFriendViewController.xib in Resources */,
				4AEE8C8E1B6548A200865AFF /* HomeViewCell.xib in Resources */,
				174D1E621B675BF1007BB81C /* AccountEditViewController.xib in Resources */,
				17BD60431B6DE2F8002C84B2 /* TimelineCell.xib in Resources */,
				4A7A121A1B71CDC900277161 /* BookShelfListCell.xib in Resources */,
				4A5C63891B5F752C00AA233C /* LoginViewController.xib in Resources */,
				17B7B9D01B53D16F009A8752 /* BookShelfCell.xib in Resources */,
				4AC2D4C61B6409AC00F80E61 /* HomeViewController.xib in Resources */,
			);
			runOnlyForDeploymentPostprocessing = 0;
		};
		17B7B9AB1B52CA75009A8752 /* Resources */ = {
			isa = PBXResourcesBuildPhase;
			buildActionMask = 2147483647;
			files = (
			);
			runOnlyForDeploymentPostprocessing = 0;
		};
/* End PBXResourcesBuildPhase section */

/* Begin PBXShellScriptBuildPhase section */
		939F7A9442A1CD12852F3EDA /* Embed Pods Frameworks */ = {
			isa = PBXShellScriptBuildPhase;
			buildActionMask = 2147483647;
			files = (
			);
			inputPaths = (
			);
			name = "Embed Pods Frameworks";
			outputPaths = (
			);
			runOnlyForDeploymentPostprocessing = 0;
			shellPath = /bin/sh;
			shellScript = "\"${SRCROOT}/Pods/Target Support Files/Pods-hackuProduct/Pods-hackuProduct-frameworks.sh\"\n";
			showEnvVarsInLog = 0;
		};
		A5885FD061CD8E895092E4E1 /* Copy Pods Resources */ = {
			isa = PBXShellScriptBuildPhase;
			buildActionMask = 2147483647;
			files = (
			);
			inputPaths = (
			);
			name = "Copy Pods Resources";
			outputPaths = (
			);
			runOnlyForDeploymentPostprocessing = 0;
			shellPath = /bin/sh;
			shellScript = "\"${SRCROOT}/Pods/Target Support Files/Pods-hackuProduct/Pods-hackuProduct-resources.sh\"\n";
			showEnvVarsInLog = 0;
		};
		C73AD44805952ADBE7E42343 /* Check Pods Manifest.lock */ = {
			isa = PBXShellScriptBuildPhase;
			buildActionMask = 2147483647;
			files = (
			);
			inputPaths = (
			);
			name = "Check Pods Manifest.lock";
			outputPaths = (
			);
			runOnlyForDeploymentPostprocessing = 0;
			shellPath = /bin/sh;
			shellScript = "diff \"${PODS_ROOT}/../Podfile.lock\" \"${PODS_ROOT}/Manifest.lock\" > /dev/null\nif [[ $? != 0 ]] ; then\n    cat << EOM\nerror: The sandbox is not in sync with the Podfile.lock. Run 'pod install' or update your CocoaPods installation.\nEOM\n    exit 1\nfi\n";
			showEnvVarsInLog = 0;
		};
/* End PBXShellScriptBuildPhase section */

/* Begin PBXSourcesBuildPhase section */
		17B7B9901B52CA74009A8752 /* Sources */ = {
			isa = PBXSourcesBuildPhase;
			buildActionMask = 2147483647;
			files = (
				4AC1031D1B67EBFA004B3E75 /* User.m in Sources */,
				4AEE8C9A1B66BD6E00865AFF /* ImprovedViewController.m in Sources */,
				175EC6621B5A9F5600752BE6 /* FriendBookShelfController.m in Sources */,
				4A7A12191B71CDC900277161 /* BookShelfListCell.m in Sources */,
				4A965B031B68217000F7ABE6 /* SNS.m in Sources */,
				17B7B99D1B52CA74009A8752 /* AppDelegate.m in Sources */,
				4ADD13BF1B60B22D00A0D7B6 /* SettingViewController.m in Sources */,
				4AEE8C921B65CAAC00865AFF /* BlocklistViewController.m in Sources */,
				174D1E5C1B666C2E007BB81C /* ProfileEditViewController.m in Sources */,
				4A35760B1B69DF1B0025BD73 /* AlertHelper.m in Sources */,
				4AC2D4BF1B63AB3300F80E61 /* AddFriendViewController.m in Sources */,
				4A7A12081B71050B00277161 /* Book.m in Sources */,
				174D1E571B6629D2007BB81C /* SearchViewController.m in Sources */,
				4A7A120B1B71118D00277161 /* Bookshelf.m in Sources */,
				17B7B9EF1B5922A2009A8752 /* FriendTableViewCell.m in Sources */,
				4AC2D4C51B6409AC00F80E61 /* HomeViewController.m in Sources */,
				17B7B99A1B52CA74009A8752 /* main.m in Sources */,
				174D1E111B660CA9007BB81C /* FriendProfileViewController.m in Sources */,
				17B7B9EA1B570D43009A8752 /* FriendViewController.m in Sources */,
				4A901A911B62D65000C8FE1C /* LicenseViewController.m in Sources */,
				174D1E611B675BF1007BB81C /* AccountEditViewController.m in Sources */,
				4A5C63861B5F746800AA233C /* LoginViewController.m in Sources */,
				4A7A12111B71C72900277161 /* BookShelfListViewController.m in Sources */,
				17B7B9D41B53D2E8009A8752 /* BookShelfController.m in Sources */,
				17BD60421B6DE2F8002C84B2 /* TimelineCell.m in Sources */,
				4AB78D231B59988D00B27BEC /* Backend.m in Sources */,
				17B7B9CF1B53D16F009A8752 /* BookShelfCell.m in Sources */,
				4A3576061B6944100025BD73 /* BookDetailViewController.m in Sources */,
			);
			runOnlyForDeploymentPostprocessing = 0;
		};
		17B7B9A91B52CA75009A8752 /* Sources */ = {
			isa = PBXSourcesBuildPhase;
			buildActionMask = 2147483647;
			files = (
				17B7B9B41B52CA75009A8752 /* hackuProductTests.m in Sources */,
			);
			runOnlyForDeploymentPostprocessing = 0;
		};
/* End PBXSourcesBuildPhase section */

/* Begin PBXTargetDependency section */
		17B7B9AF1B52CA75009A8752 /* PBXTargetDependency */ = {
			isa = PBXTargetDependency;
			target = 17B7B9931B52CA74009A8752 /* hackuProduct */;
			targetProxy = 17B7B9AE1B52CA75009A8752 /* PBXContainerItemProxy */;
		};
/* End PBXTargetDependency section */

/* Begin PBXVariantGroup section */
		17B7B9A61B52CA74009A8752 /* LaunchScreen.xib */ = {
			isa = PBXVariantGroup;
			children = (
				17B7B9A71B52CA74009A8752 /* Base */,
			);
			name = LaunchScreen.xib;
			path = .;
			sourceTree = "<group>";
		};
/* End PBXVariantGroup section */

/* Begin XCBuildConfiguration section */
		17B7B9B51B52CA75009A8752 /* Debug */ = {
			isa = XCBuildConfiguration;
			buildSettings = {
				ALWAYS_SEARCH_USER_PATHS = NO;
				CLANG_CXX_LANGUAGE_STANDARD = "gnu++0x";
				CLANG_CXX_LIBRARY = "libc++";
				CLANG_ENABLE_MODULES = YES;
				CLANG_ENABLE_OBJC_ARC = YES;
				CLANG_WARN_BOOL_CONVERSION = YES;
				CLANG_WARN_CONSTANT_CONVERSION = YES;
				CLANG_WARN_DIRECT_OBJC_ISA_USAGE = YES_ERROR;
				CLANG_WARN_EMPTY_BODY = YES;
				CLANG_WARN_ENUM_CONVERSION = YES;
				CLANG_WARN_INT_CONVERSION = YES;
				CLANG_WARN_OBJC_ROOT_CLASS = YES_ERROR;
				CLANG_WARN_UNREACHABLE_CODE = YES;
				CLANG_WARN__DUPLICATE_METHOD_MATCH = YES;
				"CODE_SIGN_IDENTITY[sdk=iphoneos*]" = "iPhone Developer";
				COPY_PHASE_STRIP = NO;
				ENABLE_STRICT_OBJC_MSGSEND = YES;
				GCC_C_LANGUAGE_STANDARD = gnu99;
				GCC_DYNAMIC_NO_PIC = NO;
				GCC_OPTIMIZATION_LEVEL = 0;
				GCC_PREPROCESSOR_DEFINITIONS = (
					"DEBUG=1",
					"$(inherited)",
				);
				GCC_SYMBOLS_PRIVATE_EXTERN = NO;
				GCC_WARN_64_TO_32_BIT_CONVERSION = YES;
				GCC_WARN_ABOUT_RETURN_TYPE = YES_ERROR;
				GCC_WARN_UNDECLARED_SELECTOR = YES;
				GCC_WARN_UNINITIALIZED_AUTOS = YES_AGGRESSIVE;
				GCC_WARN_UNUSED_FUNCTION = YES;
				GCC_WARN_UNUSED_VARIABLE = YES;
				IPHONEOS_DEPLOYMENT_TARGET = 8.2;
				MTL_ENABLE_DEBUG_INFO = YES;
				ONLY_ACTIVE_ARCH = YES;
				SDKROOT = iphoneos;
			};
			name = Debug;
		};
		17B7B9B61B52CA75009A8752 /* Release */ = {
			isa = XCBuildConfiguration;
			buildSettings = {
				ALWAYS_SEARCH_USER_PATHS = NO;
				CLANG_CXX_LANGUAGE_STANDARD = "gnu++0x";
				CLANG_CXX_LIBRARY = "libc++";
				CLANG_ENABLE_MODULES = YES;
				CLANG_ENABLE_OBJC_ARC = YES;
				CLANG_WARN_BOOL_CONVERSION = YES;
				CLANG_WARN_CONSTANT_CONVERSION = YES;
				CLANG_WARN_DIRECT_OBJC_ISA_USAGE = YES_ERROR;
				CLANG_WARN_EMPTY_BODY = YES;
				CLANG_WARN_ENUM_CONVERSION = YES;
				CLANG_WARN_INT_CONVERSION = YES;
				CLANG_WARN_OBJC_ROOT_CLASS = YES_ERROR;
				CLANG_WARN_UNREACHABLE_CODE = YES;
				CLANG_WARN__DUPLICATE_METHOD_MATCH = YES;
				"CODE_SIGN_IDENTITY[sdk=iphoneos*]" = "iPhone Developer";
				COPY_PHASE_STRIP = NO;
				ENABLE_NS_ASSERTIONS = NO;
				ENABLE_STRICT_OBJC_MSGSEND = YES;
				GCC_C_LANGUAGE_STANDARD = gnu99;
				GCC_WARN_64_TO_32_BIT_CONVERSION = YES;
				GCC_WARN_ABOUT_RETURN_TYPE = YES_ERROR;
				GCC_WARN_UNDECLARED_SELECTOR = YES;
				GCC_WARN_UNINITIALIZED_AUTOS = YES_AGGRESSIVE;
				GCC_WARN_UNUSED_FUNCTION = YES;
				GCC_WARN_UNUSED_VARIABLE = YES;
				IPHONEOS_DEPLOYMENT_TARGET = 8.2;
				MTL_ENABLE_DEBUG_INFO = NO;
				SDKROOT = iphoneos;
				VALIDATE_PRODUCT = YES;
			};
			name = Release;
		};
		17B7B9B81B52CA75009A8752 /* Debug */ = {
			isa = XCBuildConfiguration;
			baseConfigurationReference = 42D7E9A1590D7C82A85E7BB1 /* Pods-hackuProduct.debug.xcconfig */;
			buildSettings = {
				ASSETCATALOG_COMPILER_APPICON_NAME = AppIcon;
				CLANG_ENABLE_MODULES = YES;
				CODE_SIGN_IDENTITY = "iPhone Developer";
				"CODE_SIGN_IDENTITY[sdk=iphoneos*]" = "iPhone Developer";
				EMBEDDED_CONTENT_CONTAINS_SWIFT = YES;
				ENABLE_STRICT_OBJC_MSGSEND = NO;
				GCC_PREFIX_HEADER = "hackuProduct/Supporting Files/hackuProduct-Prefix.pch";
				INFOPLIST_FILE = "hackuProduct/Supporting Files/Info.plist";
				LD_RUNPATH_SEARCH_PATHS = "$(inherited) @executable_path/Frameworks";
				PRODUCT_BUNDLE_IDENTIFIER = "-160.16.70.40.hackuProduct";
				PRODUCT_NAME = "$(TARGET_NAME)";
				PROVISIONING_PROFILE = "";
				SWIFT_OBJC_BRIDGING_HEADER = "hackuProduct/hackuProduct-Bridging-Header.h";
				SWIFT_OPTIMIZATION_LEVEL = "-Onone";
			};
			name = Debug;
		};
		17B7B9B91B52CA75009A8752 /* Release */ = {
			isa = XCBuildConfiguration;
			baseConfigurationReference = 1838465C38D31AE895EAA4BD /* Pods-hackuProduct.release.xcconfig */;
			buildSettings = {
				ASSETCATALOG_COMPILER_APPICON_NAME = AppIcon;
				CLANG_ENABLE_MODULES = YES;
				CODE_SIGN_IDENTITY = "iPhone Developer";
				"CODE_SIGN_IDENTITY[sdk=iphoneos*]" = "iPhone Developer";
				EMBEDDED_CONTENT_CONTAINS_SWIFT = YES;
				ENABLE_STRICT_OBJC_MSGSEND = NO;
				GCC_PREFIX_HEADER = "hackuProduct/Supporting Files/hackuProduct-Prefix.pch";
				INFOPLIST_FILE = "hackuProduct/Supporting Files/Info.plist";
				LD_RUNPATH_SEARCH_PATHS = "$(inherited) @executable_path/Frameworks";
				PRODUCT_BUNDLE_IDENTIFIER = "-160.16.70.40.hackuProduct";
				PRODUCT_NAME = "$(TARGET_NAME)";
				PROVISIONING_PROFILE = "";
				SWIFT_OBJC_BRIDGING_HEADER = "hackuProduct/hackuProduct-Bridging-Header.h";
			};
			name = Release;
		};
		17B7B9BB1B52CA75009A8752 /* Debug */ = {
			isa = XCBuildConfiguration;
			buildSettings = {
				BUNDLE_LOADER = "$(TEST_HOST)";
				ENABLE_STRICT_OBJC_MSGSEND = NO;
				FRAMEWORK_SEARCH_PATHS = (
					"$(SDKROOT)/Developer/Library/Frameworks",
					"$(inherited)",
				);
				GCC_PREPROCESSOR_DEFINITIONS = (
					"DEBUG=1",
					"$(inherited)",
				);
				INFOPLIST_FILE = "hackuProductTests/Supporting Files/Info.plist";
				LD_RUNPATH_SEARCH_PATHS = "$(inherited) @executable_path/Frameworks @loader_path/Frameworks";
				PRODUCT_NAME = "$(TARGET_NAME)";
				TEST_HOST = "$(BUILT_PRODUCTS_DIR)/hackuProduct.app/hackuProduct";
			};
			name = Debug;
		};
		17B7B9BC1B52CA75009A8752 /* Release */ = {
			isa = XCBuildConfiguration;
			buildSettings = {
				BUNDLE_LOADER = "$(TEST_HOST)";
				ENABLE_STRICT_OBJC_MSGSEND = NO;
				FRAMEWORK_SEARCH_PATHS = (
					"$(SDKROOT)/Developer/Library/Frameworks",
					"$(inherited)",
				);
				INFOPLIST_FILE = "hackuProductTests/Supporting Files/Info.plist";
				LD_RUNPATH_SEARCH_PATHS = "$(inherited) @executable_path/Frameworks @loader_path/Frameworks";
				PRODUCT_NAME = "$(TARGET_NAME)";
				TEST_HOST = "$(BUILT_PRODUCTS_DIR)/hackuProduct.app/hackuProduct";
			};
			name = Release;
		};
/* End XCBuildConfiguration section */

/* Begin XCConfigurationList section */
		17B7B98F1B52CA74009A8752 /* Build configuration list for PBXProject "hackuProduct" */ = {
			isa = XCConfigurationList;
			buildConfigurations = (
				17B7B9B51B52CA75009A8752 /* Debug */,
				17B7B9B61B52CA75009A8752 /* Release */,
			);
			defaultConfigurationIsVisible = 0;
			defaultConfigurationName = Release;
		};
		17B7B9B71B52CA75009A8752 /* Build configuration list for PBXNativeTarget "hackuProduct" */ = {
			isa = XCConfigurationList;
			buildConfigurations = (
				17B7B9B81B52CA75009A8752 /* Debug */,
				17B7B9B91B52CA75009A8752 /* Release */,
			);
			defaultConfigurationIsVisible = 0;
			defaultConfigurationName = Release;
		};
		17B7B9BA1B52CA75009A8752 /* Build configuration list for PBXNativeTarget "hackuProductTests" */ = {
			isa = XCConfigurationList;
			buildConfigurations = (
				17B7B9BB1B52CA75009A8752 /* Debug */,
				17B7B9BC1B52CA75009A8752 /* Release */,
			);
			defaultConfigurationIsVisible = 0;
			defaultConfigurationName = Release;
		};
/* End XCConfigurationList section */
	};
	rootObject = 17B7B98C1B52CA74009A8752 /* Project object */;
}
